<?xml version="1.0" encoding="utf-8"?>
<Project ToolsVersion="4.0" xmlns="http://schemas.microsoft.com/developer/msbuild/2003">
  <ItemGroup>
    <Filter Include="Pliki źródłowe">
      <UniqueIdentifier>{4FC737F1-C7A5-4376-A066-2A32D752A2FF}</UniqueIdentifier>
      <Extensions>cpp;c;cc;cxx;c++;cppm;ixx;def;odl;idl;hpj;bat;asm;asmx</Extensions>
    </Filter>
    <Filter Include="Pliki nagłówkowe">
      <UniqueIdentifier>{93995380-89BD-4b04-88EB-625FBE52EBFB}</UniqueIdentifier>
      <Extensions>h;hh;hpp;hxx;h++;hm;inl;inc;ipp;xsd</Extensions>
    </Filter>
    <Filter Include="Pliki zasobów">
      <UniqueIdentifier>{67DA6AB6-F800-4c08-8B7A-83BB121AAD01}</UniqueIdentifier>
      <Extensions>rc;ico;cur;bmp;dlg;rc2;rct;bin;rgs;gif;jpg;jpeg;jpe;resx;tiff;tif;png;wav;mfcribbon-ms</Extensions>
    </Filter>
    <Filter Include="Pliki źródłowe\Instructions">
      <UniqueIdentifier>{23bee78c-f2bc-4158-ab59-be1976891e6b}</UniqueIdentifier>
    </Filter>
    <Filter Include="Pliki źródłowe\Memory">
      <UniqueIdentifier>{ae7e1813-2d88-44a6-951a-be8f7bb7a539}</UniqueIdentifier>
    </Filter>
    <Filter Include="Pliki nagłówkowe\Memory">
      <UniqueIdentifier>{8cac3c52-deb6-4133-bd9d-44433ae6e50a}</UniqueIdentifier>
    </Filter>
  </ItemGroup>
  <ItemGroup>
    <ClCompile Include="src\Audio.cpp">
      <Filter>Pliki źródłowe</Filter>
    </ClCompile>
    <ClCompile Include="src\Instructions.cpp">
      <Filter>Pliki źródłowe\Instructions</Filter>
    </ClCompile>
    <ClCompile Include="src\InstructionsCB.cpp">
      <Filter>Pliki źródłowe\Instructions</Filter>
    </ClCompile>
    <ClCompile Include="src\InstructionSet.cpp">
      <Filter>Pliki źródłowe\Instructions</Filter>
    </ClCompile>
    <ClCompile Include="src\MBC0.cpp">
      <Filter>Pliki źródłowe\Memory</Filter>
    </ClCompile>
    <ClCompile Include="src\MBC1.cpp">
      <Filter>Pliki źródłowe\Memory</Filter>
    </ClCompile>
    <ClCompile Include="src\Memory.cpp">
      <Filter>Pliki źródłowe\Memory</Filter>
    </ClCompile>
    <ClCompile Include="src\DMG.cpp">
      <Filter>Pliki źródłowe</Filter>
    </ClCompile>
    <ClCompile Include="src\DMG-emu.cpp">
      <Filter>Pliki źródłowe</Filter>
    </ClCompile>
    <ClCompile Include="src\Interrupts.cpp">
      <Filter>Pliki źródłowe</Filter>
    </ClCompile>
    <ClCompile Include="src\Joypad.cpp">
      <Filter>Pliki źródłowe</Filter>
    </ClCompile>
    <ClCompile Include="src\PPU.cpp">
      <Filter>Pliki źródłowe</Filter>
    </ClCompile>
    <ClCompile Include="src\Registers.cpp">
      <Filter>Pliki źródłowe</Filter>
    </ClCompile>
    <ClCompile Include="src\Renderer.cpp">
      <Filter>Pliki źródłowe</Filter>
    </ClCompile>
    <ClCompile Include="src\SM83.cpp">
      <Filter>Pliki źródłowe</Filter>
    </ClCompile>
    <ClCompile Include="src\Timer.cpp">
      <Filter>Pliki źródłowe</Filter>
    </ClCompile>
  </ItemGroup>
  <ItemGroup>
    <ClInclude Include="src\Audio.h">
      <Filter>Pliki nagłówkowe</Filter>
    </ClInclude>
    <ClInclude Include="src\MBC0.h">
      <Filter>Pliki nagłówkowe\Memory</Filter>
    </ClInclude>
    <ClInclude Include="src\MBC1.h">
      <Filter>Pliki nagłówkowe\Memory</Filter>
    </ClInclude>
    <ClInclude Include="src\Memory.h">
      <Filter>Pliki nagłówkowe\Memory</Filter>
    </ClInclude>
    <ClInclude Include="src\DMG.h">
      <Filter>Pliki nagłówkowe</Filter>
    </ClInclude>
    <ClInclude Include="src\Instructions.h">
      <Filter>Pliki nagłówkowe</Filter>
    </ClInclude>
    <ClInclude Include="src\Interrupts.h">
      <Filter>Pliki nagłówkowe</Filter>
    </ClInclude>
    <ClInclude Include="src\Joypad.h">
      <Filter>Pliki nagłówkowe</Filter>
    </ClInclude>
    <ClInclude Include="src\PPU.h">
      <Filter>Pliki nagłówkowe</Filter>
    </ClInclude>
    <ClInclude Include="src\Registers.h">
      <Filter>Pliki nagłówkowe</Filter>
    </ClInclude>
    <ClInclude Include="src\Renderer.h">
      <Filter>Pliki nagłówkowe</Filter>
    </ClInclude>
    <ClInclude Include="src\SM83.h">
      <Filter>Pliki nagłówkowe</Filter>
    </ClInclude>
    <ClInclude Include="src\Timer.h">
      <Filter>Pliki nagłówkowe</Filter>
    </ClInclude>
  </ItemGroup>
</Project>